<?xml version="1.0" encoding="utf-8"?>
<Project ToolsVersion="4.0" xmlns="http://schemas.microsoft.com/developer/msbuild/2003">
  <ItemGroup>
    <ClCompile Include="source\main.cpp" />
    <ClCompile Include="source\camera\Camera.cpp" />
    <ClCompile Include="source\object\GameObject.cpp" />
    <ClCompile Include="source\resource\Resource.cpp" />
    <ClCompile Include="source\state\GameState.cpp" />
    <ClCompile Include="source\state\GameStateManager.cpp" />
    <ClCompile Include="source\Vector2.cpp" />
    <ClCompile Include="source\controller\ControllerChecker.cpp" />
    <ClCompile Include="source\controller\ControllerFacade.cpp" />
    <ClCompile Include="source\object\Player.cpp" />
    <ClCompile Include="source\collider\Line.cpp" />
    <ClCompile Include="source\collider\Rect.cpp" />
    <ClCompile Include="source\state\Title.cpp" />
  </ItemGroup>
  <ItemGroup>
    <ClInclude Include="source\main.h" />
    <ClInclude Include="source\camera\Camera.h" />
    <ClInclude Include="source\object\GameObject.h" />
    <ClInclude Include="source\resource\Resource.h" />
    <ClInclude Include="source\state\GameState.h" />
    <ClInclude Include="source\state\GameStateManager.h" />
    <ClInclude Include="source\Vector2.h" />
    <ClInclude Include="source\controller\ControllerChecker.h" />
    <ClInclude Include="source\controller\ControllerFacade.h" />
    <ClInclude Include="source\object\Player.h" />
    <ClInclude Include="source\collider\Line.h" />
    <ClInclude Include="source\collider\Rect.h" />
    <ClInclude Include="source\state\Title.h" />
  </ItemGroup>
</Project>